
Microsoft Visual Studio Solution File, Format Version 12.00
# Visual Studio Version 17
VisualStudioVersion = 17.9.34607.119
MinimumVisualStudioVersion = 10.0.40219.1
Project("{FAE04EC0-301F-11D3-BF4B-00C04F79EFBC}") = "UtazasWPF", "UtazasWPF\UtazasWPF.csproj", "{B17AAC51-C436-4DFD-8058-FDE98C55591A}"
EndProject
Global
	GlobalSection(SolutionConfigurationPlatforms) = preSolution
		Debug|Any CPU = Debug|Any CPU
		Release|Any CPU = Release|Any CPU
	EndGlobalSection
	GlobalSection(ProjectConfigurationPlatforms) = postSolution
		{B17AAC51-C436-4DFD-8058-FDE98C55591A}.Debug|Any CPU.ActiveCfg = Debug|Any CPU
		{B17AAC51-C436-4DFD-8058-FDE98C55591A}.Debug|Any CPU.Build.0 = Debug|Any CPU
		{B17AAC51-C436-4DFD-8058-FDE98C55591A}.Release|Any CPU.ActiveCfg = Release|Any CPU
		{B17AAC51-C436-4DFD-8058-FDE98C55591A}.Release|Any CPU.Build.0 = Release|Any CPU
	EndGlobalSection
	GlobalSection(SolutionProperties) = preSolution
		HideSolutionNode = FALSE
	EndGlobalSection
	GlobalSection(ExtensibilityGlobals) = postSolution
		SolutionGuid = {42224372-859F-4910-BAB3-01478329DED8}
	EndGlobalSection
EndGlobal
